
Microsoft Visual Studio Solution File, Format Version 12.00
# Visual Studio Version 17
VisualStudioVersion = 17.6.33829.357
MinimumVisualStudioVersion = 10.0.40219.1
Project("{9A19103F-16F7-4668-BE54-9A1E7A4F7556}") = "DataLoader", "DataLoader\DataLoader.csproj", "{DCF15C22-CDBF-4D92-96DA-077B2AF71554}"
EndProject
Project("{9A19103F-16F7-4668-BE54-9A1E7A4F7556}") = "PartnerApiClient", "PartnerAPIClient\PartnerApiClient.csproj", "{E51AC997-460C-4177-A328-0FB537552DD0}"
EndProject
Project("{9A19103F-16F7-4668-BE54-9A1E7A4F7556}") = "CacheClient", "CacheClient\CacheClient.csproj", "{4ADB1D8B-B86C-41E7-BF49-3B5A2841C6B7}"
EndProject
Project("{9A19103F-16F7-4668-BE54-9A1E7A4F7556}") = "DataHydrator", "DataHydrator\DataHydrator.csproj", "{9884A7F2-828E-4ABD-AC7B-02081FBC4001}"
EndProject
Project("{9A19103F-16F7-4668-BE54-9A1E7A4F7556}") = "DataApi", "DataApi\DataApi.csproj", "{8B5AACC3-FA78-496D-B16D-40EF1978455A}"
EndProject
Project("{9A19103F-16F7-4668-BE54-9A1E7A4F7556}") = "PartnerApiModels", "PartnerApiModels\PartnerApiModels.csproj", "{922BE70B-F7B9-4DEB-9AD3-3C033CE86DB2}"
EndProject
Project("{FAE04EC0-301F-11D3-BF4B-00C04F79EFBC}") = "PartnerApiClientTests", "PartnerApiClientTests\PartnerApiClientTests.csproj", "{9EFA6708-CCF5-4346-8FEC-6973FDE27CC3}"
EndProject
Project("{FAE04EC0-301F-11D3-BF4B-00C04F79EFBC}") = "CacheClientTests", "CacheClientTests\CacheClientTests.csproj", "{32050609-1B2D-4C59-B734-F0DAD2B75BBC}"
EndProject
Project("{2150E333-8FDC-42A3-9474-1A3956D46DE8}") = "Tests", "Tests", "{D62F089D-56E2-4334-95B8-28B66DA8F2F9}"
EndProject
Global
	GlobalSection(SolutionConfigurationPlatforms) = preSolution
		Debug|Any CPU = Debug|Any CPU
		Release|Any CPU = Release|Any CPU
	EndGlobalSection
	GlobalSection(ProjectConfigurationPlatforms) = postSolution
		{DCF15C22-CDBF-4D92-96DA-077B2AF71554}.Debug|Any CPU.ActiveCfg = Debug|Any CPU
		{DCF15C22-CDBF-4D92-96DA-077B2AF71554}.Debug|Any CPU.Build.0 = Debug|Any CPU
		{DCF15C22-CDBF-4D92-96DA-077B2AF71554}.Release|Any CPU.ActiveCfg = Release|Any CPU
		{DCF15C22-CDBF-4D92-96DA-077B2AF71554}.Release|Any CPU.Build.0 = Release|Any CPU
		{E51AC997-460C-4177-A328-0FB537552DD0}.Debug|Any CPU.ActiveCfg = Debug|Any CPU
		{E51AC997-460C-4177-A328-0FB537552DD0}.Debug|Any CPU.Build.0 = Debug|Any CPU
		{E51AC997-460C-4177-A328-0FB537552DD0}.Release|Any CPU.ActiveCfg = Release|Any CPU
		{E51AC997-460C-4177-A328-0FB537552DD0}.Release|Any CPU.Build.0 = Release|Any CPU
		{4ADB1D8B-B86C-41E7-BF49-3B5A2841C6B7}.Debug|Any CPU.ActiveCfg = Debug|Any CPU
		{4ADB1D8B-B86C-41E7-BF49-3B5A2841C6B7}.Debug|Any CPU.Build.0 = Debug|Any CPU
		{4ADB1D8B-B86C-41E7-BF49-3B5A2841C6B7}.Release|Any CPU.ActiveCfg = Release|Any CPU
		{4ADB1D8B-B86C-41E7-BF49-3B5A2841C6B7}.Release|Any CPU.Build.0 = Release|Any CPU
		{9884A7F2-828E-4ABD-AC7B-02081FBC4001}.Debug|Any CPU.ActiveCfg = Debug|Any CPU
		{9884A7F2-828E-4ABD-AC7B-02081FBC4001}.Debug|Any CPU.Build.0 = Debug|Any CPU
		{9884A7F2-828E-4ABD-AC7B-02081FBC4001}.Release|Any CPU.ActiveCfg = Release|Any CPU
		{9884A7F2-828E-4ABD-AC7B-02081FBC4001}.Release|Any CPU.Build.0 = Release|Any CPU
		{8B5AACC3-FA78-496D-B16D-40EF1978455A}.Debug|Any CPU.ActiveCfg = Debug|Any CPU
		{8B5AACC3-FA78-496D-B16D-40EF1978455A}.Debug|Any CPU.Build.0 = Debug|Any CPU
		{8B5AACC3-FA78-496D-B16D-40EF1978455A}.Release|Any CPU.ActiveCfg = Release|Any CPU
		{8B5AACC3-FA78-496D-B16D-40EF1978455A}.Release|Any CPU.Build.0 = Release|Any CPU
		{922BE70B-F7B9-4DEB-9AD3-3C033CE86DB2}.Debug|Any CPU.ActiveCfg = Debug|Any CPU
		{922BE70B-F7B9-4DEB-9AD3-3C033CE86DB2}.Debug|Any CPU.Build.0 = Debug|Any CPU
		{922BE70B-F7B9-4DEB-9AD3-3C033CE86DB2}.Release|Any CPU.ActiveCfg = Release|Any CPU
		{922BE70B-F7B9-4DEB-9AD3-3C033CE86DB2}.Release|Any CPU.Build.0 = Release|Any CPU
		{9EFA6708-CCF5-4346-8FEC-6973FDE27CC3}.Debug|Any CPU.ActiveCfg = Debug|Any CPU
		{9EFA6708-CCF5-4346-8FEC-6973FDE27CC3}.Debug|Any CPU.Build.0 = Debug|Any CPU
		{9EFA6708-CCF5-4346-8FEC-6973FDE27CC3}.Release|Any CPU.ActiveCfg = Release|Any CPU
		{9EFA6708-CCF5-4346-8FEC-6973FDE27CC3}.Release|Any CPU.Build.0 = Release|Any CPU
		{32050609-1B2D-4C59-B734-F0DAD2B75BBC}.Debug|Any CPU.ActiveCfg = Debug|Any CPU
		{32050609-1B2D-4C59-B734-F0DAD2B75BBC}.Debug|Any CPU.Build.0 = Debug|Any CPU
		{32050609-1B2D-4C59-B734-F0DAD2B75BBC}.Release|Any CPU.ActiveCfg = Release|Any CPU
		{32050609-1B2D-4C59-B734-F0DAD2B75BBC}.Release|Any CPU.Build.0 = Release|Any CPU
	EndGlobalSection
	GlobalSection(SolutionProperties) = preSolution
		HideSolutionNode = FALSE
	EndGlobalSection
	GlobalSection(NestedProjects) = preSolution
		{9EFA6708-CCF5-4346-8FEC-6973FDE27CC3} = {D62F089D-56E2-4334-95B8-28B66DA8F2F9}
		{32050609-1B2D-4C59-B734-F0DAD2B75BBC} = {D62F089D-56E2-4334-95B8-28B66DA8F2F9}
	EndGlobalSection
	GlobalSection(ExtensibilityGlobals) = postSolution
		SolutionGuid = {EE269FE6-911E-4166-8354-F0BD14E84340}
	EndGlobalSection
EndGlobal
